{
  "name": "koha-isbd-assistant-plugin",
  "lockfileVersion": 3,
  "requires": true,
  "packages": {
    "": {
      "name": "koha-isbd-assistant-plugin",
      "dependencies": {
        "lccs-2024": "1.1.0"
      }
    },
    "node_modules/lccs-2024": {
      "version": "1.1.0",
      "resolved": "https://registry.npmjs.org/lccs-2024/-/lccs-2024-1.1.0.tgz",
      "integrity": "sha512-DJ6b33qviYa4vtcbpZ8cVEgPjXSF/VWSApuJl0kNIXXBxKgzzsSA5VV/KQG9JrQL3DiMh0LGNHs7rf1UIHYZOg==",
      "engines": {
        "node": ">=18"
      }
    }
  }
}
